{
  "version": 4,
  "terraform_version": "1.12.2",
  "serial": 2,
  "lineage": "9640df46-206b-c9f6-928c-d5602d0ced50",
  "outputs": {
    "datacenter_id": {
      "value": "c20eba26-d809-401a-9779-2f75abe45f1c",
      "type": "string"
    }
  },
  "resources": [
    {
      "module": "module.datacenter",
      "mode": "managed",
      "type": "ionoscloud_datacenter",
      "name": "this",
      "provider": "provider[\"registry.terraform.io/ionos-cloud/ionoscloud\"]",
      "instances": [
        {
          "schema_version": 0,
          "attributes": {
            "cpu_architecture": [
              {
                "cpu_family": "INTEL_SKYLAKE",
                "max_cores": 32,
                "max_ram": 71936,
                "vendor": "GenuineIntel"
              },
              {
                "cpu_family": "INTEL_ICELAKE",
                "max_cores": 32,
                "max_ram": 71936,
                "vendor": "GenuineIntel"
              }
            ],
            "description": "Ich teste gerade Terraform mit IONOS Cloud",
            "features": [
              "acronis-api-v2",
              "allow-update-expose-serial",
              "allow-update-require-legacy-bios",
              "amd-epyc",
              "backup-service-with-feign",
              "cloud-api-request-aggregation",
              "cloud-init",
              "cloud-init-private-image",
              "contract-identities",
              "cpu-hot-plug",
              "cross-cluster-pcc",
              "cserver-snapshots-migration",
              "cube",
              "disk-vio-hot-plug",
              "disk-vio-hot-unplug",
              "flow-logs",
              "intel-icelake",
              "intel-sierraforest",
              "k8s",
              "k8s-regional-control-planes",
              "mem-hot-plug",
              "monitoring",
              "network-lock-for-migration",
              "new-cluster-location-active",
              "ngcs-firewall-extended-protocols",
              "nic-hot-plug",
              "nic-hot-unplug",
              "os-pool-optimised",
              "pcc",
              "private-k8s-cluster",
              "pservers-dont-support-mix-of-os-types",
              "ssd",
              "ssd-storage-zoning",
              "token-management-mfa-claim-required",
              "use-backup-service",
              "use-current-logged-identity-for-s3",
              "use-platform-s3-for-flow-log",
              "use-s3-service",
              "v-cpu-instance",
              "vdd-login-only-include-selected-contract",
              "vm-autoscaling",
              "vnf-alb",
              "vnf-lb",
              "vnf-nat"
            ],
            "id": "c20eba26-d809-401a-9779-2f75abe45f1c",
            "ipv6_cidr_block": "2a02:247a:20e:9f00::/56",
            "location": "de/fra",
            "name": "Admin-Webinar-DC",
            "sec_auth_protection": false,
            "timeouts": null,
            "version": 2
          },
          "sensitive_attributes": [],
          "identity_schema_version": 0,
          "private": "eyJlMmJmYjczMC1lY2FhLTExZTYtOGY4OC0zNDM2M2JjN2M0YzAiOnsiY3JlYXRlIjozNjAwMDAwMDAwMDAwLCJkZWZhdWx0IjozNjAwMDAwMDAwMDAwLCJkZWxldGUiOjM2MDAwMDAwMDAwMDAsInJlYWQiOjM2MDAwMDAwMDAwMDAsInVwZGF0ZSI6MzYwMDAwMDAwMDAwMH19"
        }
      ]
    }
  ],
  "check_results": null
}
